<?xml version="1.0" encoding="UTF-8" standalone="yes" ?>
<CodeBlocks_project_file>
	<FileVersion major="1" minor="6" />
	<Project>
		<Option title="SFML-Shader-v2-CODE-BLOCKS" />
		<Option pch_mode="2" />
		<Option compiler="gcc" />
		<Build>
			<Target title="Release">
				<Option output="bin/Release/SFML-Shader-v2-CODE-BLOCKS" prefix_auto="1" extension_auto="1" />
				<Option object_output="obj/Release/" />
				<Option type="0" />
				<Option compiler="gcc" />
				<Compiler>
					<Add option="-O2" />
					<Add option="-Wall" />
					<Add option="-std=c++20" />
					<Add option="-m64" />
					<Add option="-DSFML_STATIC" />
					<Add directory="C:/Program Files (x86)/SFML/include" />
				</Compiler>
				<Linker>
					<Add option="-s" />
					<Add option="-m64" />
					<Add library="sfml-graphics-s" />
					<Add library="sfml-window-s" />
					<Add library="sfml-system-s" />
					<Add library="opengl32" />
					<Add library="freetype" />
					<Add library="winmm" />
					<Add library="gdi32" />
					<Add directory="C:/Program Files (x86)/SFML/lib" />
				</Linker>
			</Target>
		</Build>
		<Linker>
			<Add directory="C:/Program Files (x86)/SFML/lib" />
		</Linker>
		<Unit filename="Effect.hpp" />
		<Unit filename="Shader.cpp" />
		<Unit filename="resources/AStarInAStarNest.frag" />
		<Unit filename="resources/AlienForestWithStrandBeasts.frag" />
		<Unit filename="resources/AliensScannerScene.frag" />
		<Unit filename="resources/AndroidWorkerPrototype5.frag" />
		<Unit filename="resources/AnimatedEmoji.frag" />
		<Unit filename="resources/AnimatedPatterns.frag" />
		<Unit filename="resources/AnimatedWoodGrain.frag" />
		<Unit filename="resources/AnotherJoyfulProgrammer.frag" />
		<Unit filename="resources/Anton-Regular.ttf" />
		<Unit filename="resources/AttractorPolynomialFractal.frag" />
		<Unit filename="resources/AuroraBorealis.frag" />
		<Unit filename="resources/BallBearingFactory.frag" />
		<Unit filename="resources/BasketballCourtShootsAndScores.frag" />
		<Unit filename="resources/BiPlanesFlyingThroughSpace.frag" />
		<Unit filename="resources/BlueAndOrangeImplosion.frag" />
		<Unit filename="resources/BlueAndOrangeMilkyTentacles.frag" />
		<Unit filename="resources/BlueFog.frag" />
		<Unit filename="resources/BonnevalSurArcWinterTown.frag" />
		<Unit filename="resources/BouncingCheckeredBall.frag" />
		<Unit filename="resources/BraidedThreads.frag" />
		<Unit filename="resources/BubblingPrimordialOoze.frag" />
		<Unit filename="resources/Cannabola.frag" />
		<Unit filename="resources/Capillary.frag" />
		<Unit filename="resources/CarDrivingInTheRain.frag" />
		<Unit filename="resources/CarbonCrystalDimensionalDataCenter.frag" />
		<Unit filename="resources/CayleyGraphOfTheSymmetricGroupS5.frag" />
		<Unit filename="resources/CellularBubbles.frag" />
		<Unit filename="resources/CirclingGodParticle.frag" />
		<Unit filename="resources/CircularRotatingColorWheelWithRings.frag" />
		<Unit filename="resources/Cityscape.frag" />
		<Unit filename="resources/CoastalLandscape.frag" />
		<Unit filename="resources/ColorfulStarTraveling.frag" />
		<Unit filename="resources/ConformalPolygonMorphism.frag" />
		<Unit filename="resources/DarkCrystalCorridor.frag" />
		<Unit filename="resources/DarkSphereInsideNebula.frag" />
		<Unit filename="resources/EndlessMountainRanges.frag" />
		<Unit filename="resources/EveningInTheEndlessCity.frag" />
		<Unit filename="resources/FieldsBoundingSpheres.frag" />
		<Unit filename="resources/FireBall.frag" />
		<Unit filename="resources/FlamboyantSmashWobblerInducer.frag" />
		<Unit filename="resources/FlamingComet.frag" />
		<Unit filename="resources/FlippingSquares.frag" />
		<Unit filename="resources/FluidCurves.frag" />
		<Unit filename="resources/FlyingJetPlaneOverWaterInCanyon.frag" />
		<Unit filename="resources/FlyingRainbowBlimp.frag" />
		<Unit filename="resources/FlyingThroughAMengerSponge.frag" />
		<Unit filename="resources/FlyingThroughSpace-v1.frag" />
		<Unit filename="resources/FractalBall.frag" />
		<Unit filename="resources/FractalBrownianMotionPaintLikeForms.frag" />
		<Unit filename="resources/FractalCoffeePads.frag" />
		<Unit filename="resources/FracturedRealities.frag" />
		<Unit filename="resources/GalaxyTunnel.frag" />
		<Unit filename="resources/GigatronHSVTest.frag" />
		<Unit filename="resources/GlassPride.frag" />
		<Unit filename="resources/GlassTexture.frag" />
		<Unit filename="resources/HappyFaceWithHappySpheres.frag" />
		<Unit filename="resources/HommageToJochenLempert.frag" />
		<Unit filename="resources/HyperSpaceTimeVortex.frag" />
		<Unit filename="resources/HypnotisingRotatingColorCircle.frag" />
		<Unit filename="resources/IslandsInTheOcean.frag" />
		<Unit filename="resources/KaleidoscopeFractals.frag" />
		<Unit filename="resources/KidsDrawingOfADayInTheCountry.frag" />
		<Unit filename="resources/LaughingDemonGirl.frag" />
		<Unit filename="resources/LifeInTheCityAtDawn.frag" />
		<Unit filename="resources/LilitaOne-Regular.ttf" />
		<Unit filename="resources/LiquefiedColorfulSmoke.frag" />
		<Unit filename="resources/LivingCrystalineEntity.frag" />
		<Unit filename="resources/LoadingCircle.frag" />
		<Unit filename="resources/LucysPsychedelicAndGroovyDiamonds.frag" />
		<Unit filename="resources/MandelbrotFractalZoom.frag" />
		<Unit filename="resources/MarioBrothersOnCathrodeTubeTV.frag" />
		<Unit filename="resources/MatrixCorridor.frag" />
		<Unit filename="resources/MeglatronCrystals.frag" />
		<Unit filename="resources/MesmerizingRipplingPersonaStars.frag" />
		<Unit filename="resources/MesmerizingTriangles.frag" />
		<Unit filename="resources/MesmerizingTunnel.frag" />
		<Unit filename="resources/MilkCubes.frag" />
		<Unit filename="resources/MirroredOrderedChaos.frag" />
		<Unit filename="resources/MixingPaint.frag" />
		<Unit filename="resources/MoviePosterTheExorcist1973.frag" />
		<Unit filename="resources/MultidimensionalPowerRingsSpinningAroundPowerSphere.frag" />
		<Unit filename="resources/NautilusAtSunset.frag" />
		<Unit filename="resources/NeonWaveSunrise.frag" />
		<Unit filename="resources/NoisyFractalGodCube.frag" />
		<Unit filename="resources/NoisyLivingBloodOfGod.frag" />
		<Unit filename="resources/NoisyVerticalLines.frag" />
		<Unit filename="resources/OilPaintArchipelago.frag" />
		<Unit filename="resources/OrangeOctopus.frag" />
		<Unit filename="resources/PTSans-Bold.ttf" />
		<Unit filename="resources/PTSans-Regular.ttf" />
		<Unit filename="resources/PaintDropletsFractal.frag" />
		<Unit filename="resources/PelletArc.frag" />
		<Unit filename="resources/PictureFrameBorder.frag" />
		<Unit filename="resources/PigFace.frag" />
		<Unit filename="resources/PlanetX.frag" />
		<Unit filename="resources/PlasticFlowerMachine.frag" />
		<Unit filename="resources/PulsatingLivingCrystal.frag" />
		<Unit filename="resources/RGBBlobs.frag" />
		<Unit filename="resources/RacewayCity.frag" />
		<Unit filename="resources/RainbowSwirls.frag" />
		<Unit filename="resources/RaytracedExtrudedStar.frag" />
		<Unit filename="resources/RedVelvetCake.frag" />
		<Unit filename="resources/RevisedRealityAtTheTheater.frag" />
		<Unit filename="resources/RoadRunnerBird.frag" />
		<Unit filename="resources/RoughWaves.frag" />
		<Unit filename="resources/RunningBearsAndCubeOnCheckeredPlane.frag" />
		<Unit filename="resources/RunningTV.frag" />
		<Unit filename="resources/RussoOne-Regular.ttf" />
		<Unit filename="resources/SandAndWaterWaveEffect.frag" />
		<Unit filename="resources/ScreenSaverOnOldPCMonitor.frag" />
		<Unit filename="resources/SecularOne-Regular.ttf" />
		<Unit filename="resources/SewageTunnel.frag" />
		<Unit filename="resources/ShrinkingGrowingOvals.frag" />
		<Unit filename="resources/SideviewOfMountainsSunAndFog.frag" />
		<Unit filename="resources/Simple2DGameGraphicsDemo.frag" />
		<Unit filename="resources/SpaceExplorationMeetsThe1980s.frag" />
		<Unit filename="resources/SpaceTheFinalRestingPlace.frag" />
		<Unit filename="resources/SpaceViewWithGrids.frag" />
		<Unit filename="resources/SpheresWithDifferentMaterialProperties.frag" />
		<Unit filename="resources/StarsDustAndGasInSpace.frag" />
		<Unit filename="resources/SunkenBlocksOnSeaFloor.frag" />
		<Unit filename="resources/SunriseOverTheOceanWithMountains.frag" />
		<Unit filename="resources/SwirlingFluidBlues.frag" />
		<Unit filename="resources/TenacleLightInsideRoomWithWindows.frag" />
		<Unit filename="resources/TextBlobs.frag" />
		<Unit filename="resources/TheBouncingSeaPantherCharacter.frag" />
		<Unit filename="resources/TheColorAndShapeTransformingBoneStructure.frag" />
		<Unit filename="resources/TheGreatAndPowerfulWizardOfOZ.frag" />
		<Unit filename="resources/ThePsychedelicPaddedRoom.frag" />
		<Unit filename="resources/TheSimpsonsHomerSimpsonAtHome.frag" />
		<Unit filename="resources/TheSonOfTheGreatAndPowerfulWizardOfOZ.frag" />
		<Unit filename="resources/ThreeDigitEmbossedCounter.frag" />
		<Unit filename="resources/TimeWarpingSingularity.frag" />
		<Unit filename="resources/ToonClouds.frag" />
		<Unit filename="resources/TranslucentColorizedSprings.frag" />
		<Unit filename="resources/TunnelOfBarsAndLights.frag" />
		<Unit filename="resources/TunnelOfElectrical.frag" />
		<Unit filename="resources/TunnelOfLight.frag" />
		<Unit filename="resources/TwistingSymbolOfLife.frag" />
		<Unit filename="resources/TwoTierBirthdayCake.frag" />
		<Unit filename="resources/USSpaceCapsuleOverTheMoon.frag" />
		<Unit filename="resources/UnderWaterBubbles.frag" />
		<Unit filename="resources/VoronoiBoxes.frag" />
		<Unit filename="resources/VoronoiInRealTime.frag" />
		<Unit filename="resources/VortexOfBalloons.frag" />
		<Unit filename="resources/WaterReflection.frag" />
		<Unit filename="resources/WavyReflectiveYellowAndPinkObjects.frag" />
		<Unit filename="resources/WhiteWomanSleepingInWaterWithWatermelons.frag" />
		<Unit filename="resources/Wolfenstein3DDemo.frag" />
		<Unit filename="resources/WoodGrain.frag" />
		<Unit filename="resources/background.jpg" />
		<Unit filename="resources/background2.jpg" />
		<Unit filename="resources/billboard.frag" />
		<Unit filename="resources/billboard.geom" />
		<Unit filename="resources/billboard.vert" />
		<Unit filename="resources/blink.frag" />
		<Unit filename="resources/blur.frag" />
		<Unit filename="resources/devices.png" />
		<Unit filename="resources/edge.frag" />
		<Unit filename="resources/logo.png" />
		<Unit filename="resources/pixelate.frag" />
		<Unit filename="resources/sansation.ttf" />
		<Unit filename="resources/sfml.png" />
		<Unit filename="resources/storm.vert" />
		<Unit filename="resources/text-background.png" />
		<Unit filename="resources/text-background2.png" />
		<Unit filename="resources/wave.vert" />
		<Extensions />
	</Project>
</CodeBlocks_project_file>
